
Microsoft Visual Studio Solution File, Format Version 12.00
# Visual Studio Version 17
VisualStudioVersion = 17.0.32014.148
MinimumVisualStudioVersion = 15.0.26124.0
Project("{9A19103F-16F7-4668-BE54-9A1E7A4F7556}") = "Protacon.RxMq.Abstractions", "Protacon.RxMq.Abstractions\Protacon.RxMq.Abstractions.csproj", "{F4019994-11DE-4CE8-980E-1B2E2709E05E}"
EndProject
Project("{9A19103F-16F7-4668-BE54-9A1E7A4F7556}") = "Protacon.RxMq.AzureServiceBus", "Protacon.RxMq.AzureServiceBus\Protacon.RxMq.AzureServiceBus.csproj", "{D64BB6F2-5613-45E9-B440-3E579E8F2008}"
EndProject
Project("{9A19103F-16F7-4668-BE54-9A1E7A4F7556}") = "Protacon.RxMq.AzureServiceBus.Tests", "Protacon.RxMq.AzureServiceBus.Tests\Protacon.RxMq.AzureServiceBus.Tests.csproj", "{6A7DF81D-5B29-462B-BFC0-D67372D92C58}"
EndProject
Project("{9A19103F-16F7-4668-BE54-9A1E7A4F7556}") = "Protacon.RxMq.ConsoleExample", "Protacon.RxMq.ConsoleExample\Protacon.RxMq.ConsoleExample.csproj", "{C8E590C3-F917-4EE7-AA2F-F22B43AEDBD2}"
EndProject
Global
	GlobalSection(SolutionConfigurationPlatforms) = preSolution
		Debug|Any CPU = Debug|Any CPU
		Debug|x64 = Debug|x64
		Debug|x86 = Debug|x86
		Release|Any CPU = Release|Any CPU
		Release|x64 = Release|x64
		Release|x86 = Release|x86
	EndGlobalSection
	GlobalSection(ProjectConfigurationPlatforms) = postSolution
		{F4019994-11DE-4CE8-980E-1B2E2709E05E}.Debug|Any CPU.ActiveCfg = Debug|Any CPU
		{F4019994-11DE-4CE8-980E-1B2E2709E05E}.Debug|Any CPU.Build.0 = Debug|Any CPU
		{F4019994-11DE-4CE8-980E-1B2E2709E05E}.Debug|x64.ActiveCfg = Debug|Any CPU
		{F4019994-11DE-4CE8-980E-1B2E2709E05E}.Debug|x64.Build.0 = Debug|Any CPU
		{F4019994-11DE-4CE8-980E-1B2E2709E05E}.Debug|x86.ActiveCfg = Debug|Any CPU
		{F4019994-11DE-4CE8-980E-1B2E2709E05E}.Debug|x86.Build.0 = Debug|Any CPU
		{F4019994-11DE-4CE8-980E-1B2E2709E05E}.Release|Any CPU.ActiveCfg = Release|Any CPU
		{F4019994-11DE-4CE8-980E-1B2E2709E05E}.Release|Any CPU.Build.0 = Release|Any CPU
		{F4019994-11DE-4CE8-980E-1B2E2709E05E}.Release|x64.ActiveCfg = Release|Any CPU
		{F4019994-11DE-4CE8-980E-1B2E2709E05E}.Release|x64.Build.0 = Release|Any CPU
		{F4019994-11DE-4CE8-980E-1B2E2709E05E}.Release|x86.ActiveCfg = Release|Any CPU
		{F4019994-11DE-4CE8-980E-1B2E2709E05E}.Release|x86.Build.0 = Release|Any CPU
		{D64BB6F2-5613-45E9-B440-3E579E8F2008}.Debug|Any CPU.ActiveCfg = Debug|Any CPU
		{D64BB6F2-5613-45E9-B440-3E579E8F2008}.Debug|Any CPU.Build.0 = Debug|Any CPU
		{D64BB6F2-5613-45E9-B440-3E579E8F2008}.Debug|x64.ActiveCfg = Debug|Any CPU
		{D64BB6F2-5613-45E9-B440-3E579E8F2008}.Debug|x64.Build.0 = Debug|Any CPU
		{D64BB6F2-5613-45E9-B440-3E579E8F2008}.Debug|x86.ActiveCfg = Debug|Any CPU
		{D64BB6F2-5613-45E9-B440-3E579E8F2008}.Debug|x86.Build.0 = Debug|Any CPU
		{D64BB6F2-5613-45E9-B440-3E579E8F2008}.Release|Any CPU.ActiveCfg = Release|Any CPU
		{D64BB6F2-5613-45E9-B440-3E579E8F2008}.Release|Any CPU.Build.0 = Release|Any CPU
		{D64BB6F2-5613-45E9-B440-3E579E8F2008}.Release|x64.ActiveCfg = Release|Any CPU
		{D64BB6F2-5613-45E9-B440-3E579E8F2008}.Release|x64.Build.0 = Release|Any CPU
		{D64BB6F2-5613-45E9-B440-3E579E8F2008}.Release|x86.ActiveCfg = Release|Any CPU
		{D64BB6F2-5613-45E9-B440-3E579E8F2008}.Release|x86.Build.0 = Release|Any CPU
		{6A7DF81D-5B29-462B-BFC0-D67372D92C58}.Debug|Any CPU.ActiveCfg = Debug|Any CPU
		{6A7DF81D-5B29-462B-BFC0-D67372D92C58}.Debug|Any CPU.Build.0 = Debug|Any CPU
		{6A7DF81D-5B29-462B-BFC0-D67372D92C58}.Debug|x64.ActiveCfg = Debug|Any CPU
		{6A7DF81D-5B29-462B-BFC0-D67372D92C58}.Debug|x64.Build.0 = Debug|Any CPU
		{6A7DF81D-5B29-462B-BFC0-D67372D92C58}.Debug|x86.ActiveCfg = Debug|Any CPU
		{6A7DF81D-5B29-462B-BFC0-D67372D92C58}.Debug|x86.Build.0 = Debug|Any CPU
		{6A7DF81D-5B29-462B-BFC0-D67372D92C58}.Release|Any CPU.ActiveCfg = Release|Any CPU
		{6A7DF81D-5B29-462B-BFC0-D67372D92C58}.Release|Any CPU.Build.0 = Release|Any CPU
		{6A7DF81D-5B29-462B-BFC0-D67372D92C58}.Release|x64.ActiveCfg = Release|Any CPU
		{6A7DF81D-5B29-462B-BFC0-D67372D92C58}.Release|x64.Build.0 = Release|Any CPU
		{6A7DF81D-5B29-462B-BFC0-D67372D92C58}.Release|x86.ActiveCfg = Release|Any CPU
		{6A7DF81D-5B29-462B-BFC0-D67372D92C58}.Release|x86.Build.0 = Release|Any CPU
		{C8E590C3-F917-4EE7-AA2F-F22B43AEDBD2}.Debug|Any CPU.ActiveCfg = Debug|Any CPU
		{C8E590C3-F917-4EE7-AA2F-F22B43AEDBD2}.Debug|Any CPU.Build.0 = Debug|Any CPU
		{C8E590C3-F917-4EE7-AA2F-F22B43AEDBD2}.Debug|x64.ActiveCfg = Debug|Any CPU
		{C8E590C3-F917-4EE7-AA2F-F22B43AEDBD2}.Debug|x64.Build.0 = Debug|Any CPU
		{C8E590C3-F917-4EE7-AA2F-F22B43AEDBD2}.Debug|x86.ActiveCfg = Debug|Any CPU
		{C8E590C3-F917-4EE7-AA2F-F22B43AEDBD2}.Debug|x86.Build.0 = Debug|Any CPU
		{C8E590C3-F917-4EE7-AA2F-F22B43AEDBD2}.Release|Any CPU.ActiveCfg = Release|Any CPU
		{C8E590C3-F917-4EE7-AA2F-F22B43AEDBD2}.Release|Any CPU.Build.0 = Release|Any CPU
		{C8E590C3-F917-4EE7-AA2F-F22B43AEDBD2}.Release|x64.ActiveCfg = Release|Any CPU
		{C8E590C3-F917-4EE7-AA2F-F22B43AEDBD2}.Release|x64.Build.0 = Release|Any CPU
		{C8E590C3-F917-4EE7-AA2F-F22B43AEDBD2}.Release|x86.ActiveCfg = Release|Any CPU
		{C8E590C3-F917-4EE7-AA2F-F22B43AEDBD2}.Release|x86.Build.0 = Release|Any CPU
	EndGlobalSection
	GlobalSection(SolutionProperties) = preSolution
		HideSolutionNode = FALSE
	EndGlobalSection
	GlobalSection(ExtensibilityGlobals) = postSolution
		SolutionGuid = {3B962C48-AEBE-45EC-87B9-471690ACDE44}
	EndGlobalSection
EndGlobal
